
Microsoft Visual Studio Solution File, Format Version 12.00
# Visual Studio Version 17
VisualStudioVersion = 17.0.31919.166
MinimumVisualStudioVersion = 10.0.40219.1
Project("{9A19103F-16F7-4668-BE54-9A1E7A4F7556}") = "AdvancedAuth.Core.Common", "src\AdvancedAuth.Core.Common\AdvancedAuth.Core.Common.csproj", "{0B6D40BD-396D-4768-BF02-ABE5D1011C3E}"
EndProject
Project("{9A19103F-16F7-4668-BE54-9A1E7A4F7556}") = "IsolatedFunctionAuth", "src\IsolatedFunctionAuth\IsolatedFunctionAuth.csproj", "{5F75E961-98F2-46DA-AC02-B11C11653EB3}"
EndProject
Project("{9A19103F-16F7-4668-BE54-9A1E7A4F7556}") = "AdvancedAuth.API.Func", "src\AdvancedAuth.API.Func\AdvancedAuth.API.Func.csproj", "{6EEFAD38-7C4C-4FD9-B0BD-624610476152}"
EndProject
Project("{2150E333-8FDC-42A3-9474-1A3956D46DE8}") = "Solution Items", "Solution Items", "{E6C9AB4C-439F-4283-A393-B4D1DCE107DC}"
	ProjectSection(SolutionItems) = preProject
		.editorconfig = .editorconfig
	EndProjectSection
EndProject
Global
	GlobalSection(SolutionConfigurationPlatforms) = preSolution
		Debug|Any CPU = Debug|Any CPU
		Release|Any CPU = Release|Any CPU
	EndGlobalSection
	GlobalSection(ProjectConfigurationPlatforms) = postSolution
		{0B6D40BD-396D-4768-BF02-ABE5D1011C3E}.Debug|Any CPU.ActiveCfg = Debug|Any CPU
		{0B6D40BD-396D-4768-BF02-ABE5D1011C3E}.Debug|Any CPU.Build.0 = Debug|Any CPU
		{0B6D40BD-396D-4768-BF02-ABE5D1011C3E}.Release|Any CPU.ActiveCfg = Release|Any CPU
		{0B6D40BD-396D-4768-BF02-ABE5D1011C3E}.Release|Any CPU.Build.0 = Release|Any CPU
		{5F75E961-98F2-46DA-AC02-B11C11653EB3}.Debug|Any CPU.ActiveCfg = Debug|Any CPU
		{5F75E961-98F2-46DA-AC02-B11C11653EB3}.Debug|Any CPU.Build.0 = Debug|Any CPU
		{5F75E961-98F2-46DA-AC02-B11C11653EB3}.Release|Any CPU.ActiveCfg = Release|Any CPU
		{5F75E961-98F2-46DA-AC02-B11C11653EB3}.Release|Any CPU.Build.0 = Release|Any CPU
		{6EEFAD38-7C4C-4FD9-B0BD-624610476152}.Debug|Any CPU.ActiveCfg = Debug|Any CPU
		{6EEFAD38-7C4C-4FD9-B0BD-624610476152}.Debug|Any CPU.Build.0 = Debug|Any CPU
		{6EEFAD38-7C4C-4FD9-B0BD-624610476152}.Release|Any CPU.ActiveCfg = Release|Any CPU
		{6EEFAD38-7C4C-4FD9-B0BD-624610476152}.Release|Any CPU.Build.0 = Release|Any CPU
	EndGlobalSection
	GlobalSection(SolutionProperties) = preSolution
		HideSolutionNode = FALSE
	EndGlobalSection
	GlobalSection(ExtensibilityGlobals) = postSolution
		SolutionGuid = {901A0572-376F-41F5-A869-225F117A1194}
	EndGlobalSection
EndGlobal
